
Microsoft Visual Studio Solution File, Format Version 12.00
# Visual Studio 14
VisualStudioVersion = 14.0.24720.0
MinimumVisualStudioVersion = 10.0.40219.1
Project("{2150E333-8FDC-42A3-9474-1A3956D46DE8}") = "contracts", "contracts", "{D362F387-62A0-4D6A-A678-FA0F9735AC1D}"
	ProjectSection(SolutionItems) = preProject
		contracts\CommercialOffer.json = contracts\CommercialOffer.json
		contracts\CommercialOffer.Schema.json = contracts\CommercialOffer.Schema.json
	EndProjectSection
EndProject
Global
	GlobalSection(SolutionProperties) = preSolution
		HideSolutionNode = FALSE
	EndGlobalSection
EndGlobal
